
Microsoft Visual Studio Solution File, Format Version 12.00
# Visual Studio 15
Project("{FAE04EC0-301F-11D3-BF4B-00C04F79EFBC}") = "UniGLTF", "UniGLTF.csproj", "{8ADD7186-1C9A-5AD4-609D-7CD810F16B52}"
EndProject
Project("{FAE04EC0-301F-11D3-BF4B-00C04F79EFBC}") = "VRM10.Editor", "VRM10.Editor.csproj", "{3DAC0BBA-921C-17DB-8E50-A331AC152210}"
EndProject
Project("{FAE04EC0-301F-11D3-BF4B-00C04F79EFBC}") = "VRM10", "VRM10.csproj", "{37147D0D-DBEA-6574-75FB-8433EE3F1E57}"
EndProject
Project("{FAE04EC0-301F-11D3-BF4B-00C04F79EFBC}") = "VRM10.MToon10", "VRM10.MToon10.csproj", "{9F152FE7-FA2D-C64E-9984-D866D991DAAF}"
EndProject
Project("{FAE04EC0-301F-11D3-BF4B-00C04F79EFBC}") = "UniGLTF.Editor", "UniGLTF.Editor.csproj", "{CD6FC88E-F321-6921-3B0F-B41336AB51CC}"
EndProject
Project("{FAE04EC0-301F-11D3-BF4B-00C04F79EFBC}") = "UniGLTF.Tests", "UniGLTF.Tests.csproj", "{9DBAE6BC-8A25-DFAA-3B50-794FFA8A5BBA}"
EndProject
Project("{FAE04EC0-301F-11D3-BF4B-00C04F79EFBC}") = "VrmLib", "VrmLib.csproj", "{8C0AB7AE-6E80-D944-5C5A-0152E76AD36D}"
EndProject
Project("{FAE04EC0-301F-11D3-BF4B-00C04F79EFBC}") = "SpringBoneJobs", "SpringBoneJobs.csproj", "{5EAD6D7F-0837-2FC8-6D20-C87850FD34FE}"
EndProject
Project("{FAE04EC0-301F-11D3-BF4B-00C04F79EFBC}") = "NeuroAsist.Avatar.Runtime", "NeuroAsist.Avatar.Runtime.csproj", "{CE52A801-D831-20E9-6460-FB06A9252D92}"
EndProject
Project("{FAE04EC0-301F-11D3-BF4B-00C04F79EFBC}") = "UniGLTF.Utils", "UniGLTF.Utils.csproj", "{60114350-D377-125B-AEBD-74D9D303FB00}"
EndProject
Project("{FAE04EC0-301F-11D3-BF4B-00C04F79EFBC}") = "VrmLibTests", "VrmLibTests.csproj", "{F465C4E3-2CB4-9341-3264-79EDBE76F9EB}"
EndProject
Project("{FAE04EC0-301F-11D3-BF4B-00C04F79EFBC}") = "VRM10.MToon10.Tests", "VRM10.MToon10.Tests.csproj", "{6F6F9C6F-9AD6-1CD2-F681-F2703A3DAA40}"
EndProject
Project("{FAE04EC0-301F-11D3-BF4B-00C04F79EFBC}") = "VRM10.MToon10.Editor", "VRM10.MToon10.Editor.csproj", "{431D0B8B-D176-1B2F-160A-679B3AB64144}"
EndProject
Project("{FAE04EC0-301F-11D3-BF4B-00C04F79EFBC}") = "VRM10.Tests", "VRM10.Tests.csproj", "{F571037D-62F4-ED08-8CAA-475FFECA3688}"
EndProject
Project("{FAE04EC0-301F-11D3-BF4B-00C04F79EFBC}") = "UniGLTF.UniUnlit.Editor", "UniGLTF.UniUnlit.Editor.csproj", "{51ADA1E7-205A-2F88-7D49-7A119EB673B1}"
EndProject
Project("{FAE04EC0-301F-11D3-BF4B-00C04F79EFBC}") = "UniHumanoid", "UniHumanoid.csproj", "{2AC20F66-C253-BB5E-D531-D0D5C67FAAC3}"
EndProject
Project("{FAE04EC0-301F-11D3-BF4B-00C04F79EFBC}") = "FastSpringBone10", "FastSpringBone10.csproj", "{F4605EDB-7449-B212-AAFC-2F0798F8458A}"
EndProject
Project("{FAE04EC0-301F-11D3-BF4B-00C04F79EFBC}") = "Assembly-CSharp-Editor", "Assembly-CSharp-Editor.csproj", "{63FC2876-D7BF-A6DF-1AFE-1AF4FA2E6946}"
EndProject
Project("{FAE04EC0-301F-11D3-BF4B-00C04F79EFBC}") = "NeuroAsist.Avatar.Tests", "NeuroAsist.Avatar.Tests.csproj", "{47175CAA-122B-E07B-5D2D-E684AAE89C1D}"
EndProject
Project("{FAE04EC0-301F-11D3-BF4B-00C04F79EFBC}") = "UniHumanoid.Editor", "UniHumanoid.Editor.csproj", "{065B2FF7-2D03-0F8B-D460-30F8E2CB9875}"
EndProject
Project("{FAE04EC0-301F-11D3-BF4B-00C04F79EFBC}") = "UniHumanoid.Editor.Tests", "UniHumanoid.Editor.Tests.csproj", "{BA2EAD5E-34BC-79BE-CBF1-8E88AE4B6C61}"
EndProject
Project("{FAE04EC0-301F-11D3-BF4B-00C04F79EFBC}") = "UniGLTF.UniUnlit", "UniGLTF.UniUnlit.csproj", "{AB6D096B-1808-06C2-DF2C-5549DDE7CDAE}"
EndProject
Project("{FAE04EC0-301F-11D3-BF4B-00C04F79EFBC}") = "uLipSync.Samples.VRM.Runtime", "uLipSync.Samples.VRM.Runtime.csproj", "{52CF084E-EFB7-FDAD-53D5-3E22519E4E06}"
EndProject
Global
	GlobalSection(SolutionConfigurationPlatforms) = preSolution
		Debug|Any CPU = Debug|Any CPU
		Release|Any CPU = Release|Any CPU
	EndGlobalSection
	GlobalSection(ProjectConfigurationPlatforms) = postSolution
		{8ADD7186-1C9A-5AD4-609D-7CD810F16B52}.Debug|Any CPU.ActiveCfg = Debug|Any CPU
		{8ADD7186-1C9A-5AD4-609D-7CD810F16B52}.Debug|Any CPU.Build.0 = Debug|Any CPU
		{8ADD7186-1C9A-5AD4-609D-7CD810F16B52}.Release|Any CPU.ActiveCfg = Release|Any CPU
		{8ADD7186-1C9A-5AD4-609D-7CD810F16B52}.Release|Any CPU.Build.0 = Release|Any CPU
		{3DAC0BBA-921C-17DB-8E50-A331AC152210}.Debug|Any CPU.ActiveCfg = Debug|Any CPU
		{3DAC0BBA-921C-17DB-8E50-A331AC152210}.Debug|Any CPU.Build.0 = Debug|Any CPU
		{3DAC0BBA-921C-17DB-8E50-A331AC152210}.Release|Any CPU.ActiveCfg = Release|Any CPU
		{3DAC0BBA-921C-17DB-8E50-A331AC152210}.Release|Any CPU.Build.0 = Release|Any CPU
		{37147D0D-DBEA-6574-75FB-8433EE3F1E57}.Debug|Any CPU.ActiveCfg = Debug|Any CPU
		{37147D0D-DBEA-6574-75FB-8433EE3F1E57}.Debug|Any CPU.Build.0 = Debug|Any CPU
		{37147D0D-DBEA-6574-75FB-8433EE3F1E57}.Release|Any CPU.ActiveCfg = Release|Any CPU
		{37147D0D-DBEA-6574-75FB-8433EE3F1E57}.Release|Any CPU.Build.0 = Release|Any CPU
		{9F152FE7-FA2D-C64E-9984-D866D991DAAF}.Debug|Any CPU.ActiveCfg = Debug|Any CPU
		{9F152FE7-FA2D-C64E-9984-D866D991DAAF}.Debug|Any CPU.Build.0 = Debug|Any CPU
		{9F152FE7-FA2D-C64E-9984-D866D991DAAF}.Release|Any CPU.ActiveCfg = Release|Any CPU
		{9F152FE7-FA2D-C64E-9984-D866D991DAAF}.Release|Any CPU.Build.0 = Release|Any CPU
		{CD6FC88E-F321-6921-3B0F-B41336AB51CC}.Debug|Any CPU.ActiveCfg = Debug|Any CPU
		{CD6FC88E-F321-6921-3B0F-B41336AB51CC}.Debug|Any CPU.Build.0 = Debug|Any CPU
		{CD6FC88E-F321-6921-3B0F-B41336AB51CC}.Release|Any CPU.ActiveCfg = Release|Any CPU
		{CD6FC88E-F321-6921-3B0F-B41336AB51CC}.Release|Any CPU.Build.0 = Release|Any CPU
		{9DBAE6BC-8A25-DFAA-3B50-794FFA8A5BBA}.Debug|Any CPU.ActiveCfg = Debug|Any CPU
		{9DBAE6BC-8A25-DFAA-3B50-794FFA8A5BBA}.Debug|Any CPU.Build.0 = Debug|Any CPU
		{9DBAE6BC-8A25-DFAA-3B50-794FFA8A5BBA}.Release|Any CPU.ActiveCfg = Release|Any CPU
		{9DBAE6BC-8A25-DFAA-3B50-794FFA8A5BBA}.Release|Any CPU.Build.0 = Release|Any CPU
		{8C0AB7AE-6E80-D944-5C5A-0152E76AD36D}.Debug|Any CPU.ActiveCfg = Debug|Any CPU
		{8C0AB7AE-6E80-D944-5C5A-0152E76AD36D}.Debug|Any CPU.Build.0 = Debug|Any CPU
		{8C0AB7AE-6E80-D944-5C5A-0152E76AD36D}.Release|Any CPU.ActiveCfg = Release|Any CPU
		{8C0AB7AE-6E80-D944-5C5A-0152E76AD36D}.Release|Any CPU.Build.0 = Release|Any CPU
		{5EAD6D7F-0837-2FC8-6D20-C87850FD34FE}.Debug|Any CPU.ActiveCfg = Debug|Any CPU
		{5EAD6D7F-0837-2FC8-6D20-C87850FD34FE}.Debug|Any CPU.Build.0 = Debug|Any CPU
		{5EAD6D7F-0837-2FC8-6D20-C87850FD34FE}.Release|Any CPU.ActiveCfg = Release|Any CPU
		{5EAD6D7F-0837-2FC8-6D20-C87850FD34FE}.Release|Any CPU.Build.0 = Release|Any CPU
		{CE52A801-D831-20E9-6460-FB06A9252D92}.Debug|Any CPU.ActiveCfg = Debug|Any CPU
		{CE52A801-D831-20E9-6460-FB06A9252D92}.Debug|Any CPU.Build.0 = Debug|Any CPU
		{CE52A801-D831-20E9-6460-FB06A9252D92}.Release|Any CPU.ActiveCfg = Release|Any CPU
		{CE52A801-D831-20E9-6460-FB06A9252D92}.Release|Any CPU.Build.0 = Release|Any CPU
		{60114350-D377-125B-AEBD-74D9D303FB00}.Debug|Any CPU.ActiveCfg = Debug|Any CPU
		{60114350-D377-125B-AEBD-74D9D303FB00}.Debug|Any CPU.Build.0 = Debug|Any CPU
		{60114350-D377-125B-AEBD-74D9D303FB00}.Release|Any CPU.ActiveCfg = Release|Any CPU
		{60114350-D377-125B-AEBD-74D9D303FB00}.Release|Any CPU.Build.0 = Release|Any CPU
		{F465C4E3-2CB4-9341-3264-79EDBE76F9EB}.Debug|Any CPU.ActiveCfg = Debug|Any CPU
		{F465C4E3-2CB4-9341-3264-79EDBE76F9EB}.Debug|Any CPU.Build.0 = Debug|Any CPU
		{F465C4E3-2CB4-9341-3264-79EDBE76F9EB}.Release|Any CPU.ActiveCfg = Release|Any CPU
		{F465C4E3-2CB4-9341-3264-79EDBE76F9EB}.Release|Any CPU.Build.0 = Release|Any CPU
		{6F6F9C6F-9AD6-1CD2-F681-F2703A3DAA40}.Debug|Any CPU.ActiveCfg = Debug|Any CPU
		{6F6F9C6F-9AD6-1CD2-F681-F2703A3DAA40}.Debug|Any CPU.Build.0 = Debug|Any CPU
		{6F6F9C6F-9AD6-1CD2-F681-F2703A3DAA40}.Release|Any CPU.ActiveCfg = Release|Any CPU
		{6F6F9C6F-9AD6-1CD2-F681-F2703A3DAA40}.Release|Any CPU.Build.0 = Release|Any CPU
		{431D0B8B-D176-1B2F-160A-679B3AB64144}.Debug|Any CPU.ActiveCfg = Debug|Any CPU
		{431D0B8B-D176-1B2F-160A-679B3AB64144}.Debug|Any CPU.Build.0 = Debug|Any CPU
		{431D0B8B-D176-1B2F-160A-679B3AB64144}.Release|Any CPU.ActiveCfg = Release|Any CPU
		{431D0B8B-D176-1B2F-160A-679B3AB64144}.Release|Any CPU.Build.0 = Release|Any CPU
		{F571037D-62F4-ED08-8CAA-475FFECA3688}.Debug|Any CPU.ActiveCfg = Debug|Any CPU
		{F571037D-62F4-ED08-8CAA-475FFECA3688}.Debug|Any CPU.Build.0 = Debug|Any CPU
		{F571037D-62F4-ED08-8CAA-475FFECA3688}.Release|Any CPU.ActiveCfg = Release|Any CPU
		{F571037D-62F4-ED08-8CAA-475FFECA3688}.Release|Any CPU.Build.0 = Release|Any CPU
		{51ADA1E7-205A-2F88-7D49-7A119EB673B1}.Debug|Any CPU.ActiveCfg = Debug|Any CPU
		{51ADA1E7-205A-2F88-7D49-7A119EB673B1}.Debug|Any CPU.Build.0 = Debug|Any CPU
		{51ADA1E7-205A-2F88-7D49-7A119EB673B1}.Release|Any CPU.ActiveCfg = Release|Any CPU
		{51ADA1E7-205A-2F88-7D49-7A119EB673B1}.Release|Any CPU.Build.0 = Release|Any CPU
		{2AC20F66-C253-BB5E-D531-D0D5C67FAAC3}.Debug|Any CPU.ActiveCfg = Debug|Any CPU
		{2AC20F66-C253-BB5E-D531-D0D5C67FAAC3}.Debug|Any CPU.Build.0 = Debug|Any CPU
		{2AC20F66-C253-BB5E-D531-D0D5C67FAAC3}.Release|Any CPU.ActiveCfg = Release|Any CPU
		{2AC20F66-C253-BB5E-D531-D0D5C67FAAC3}.Release|Any CPU.Build.0 = Release|Any CPU
		{F4605EDB-7449-B212-AAFC-2F0798F8458A}.Debug|Any CPU.ActiveCfg = Debug|Any CPU
		{F4605EDB-7449-B212-AAFC-2F0798F8458A}.Debug|Any CPU.Build.0 = Debug|Any CPU
		{F4605EDB-7449-B212-AAFC-2F0798F8458A}.Release|Any CPU.ActiveCfg = Release|Any CPU
		{F4605EDB-7449-B212-AAFC-2F0798F8458A}.Release|Any CPU.Build.0 = Release|Any CPU
		{63FC2876-D7BF-A6DF-1AFE-1AF4FA2E6946}.Debug|Any CPU.ActiveCfg = Debug|Any CPU
		{63FC2876-D7BF-A6DF-1AFE-1AF4FA2E6946}.Debug|Any CPU.Build.0 = Debug|Any CPU
		{63FC2876-D7BF-A6DF-1AFE-1AF4FA2E6946}.Release|Any CPU.ActiveCfg = Release|Any CPU
		{63FC2876-D7BF-A6DF-1AFE-1AF4FA2E6946}.Release|Any CPU.Build.0 = Release|Any CPU
		{47175CAA-122B-E07B-5D2D-E684AAE89C1D}.Debug|Any CPU.ActiveCfg = Debug|Any CPU
		{47175CAA-122B-E07B-5D2D-E684AAE89C1D}.Debug|Any CPU.Build.0 = Debug|Any CPU
		{47175CAA-122B-E07B-5D2D-E684AAE89C1D}.Release|Any CPU.ActiveCfg = Release|Any CPU
		{47175CAA-122B-E07B-5D2D-E684AAE89C1D}.Release|Any CPU.Build.0 = Release|Any CPU
		{065B2FF7-2D03-0F8B-D460-30F8E2CB9875}.Debug|Any CPU.ActiveCfg = Debug|Any CPU
		{065B2FF7-2D03-0F8B-D460-30F8E2CB9875}.Debug|Any CPU.Build.0 = Debug|Any CPU
		{065B2FF7-2D03-0F8B-D460-30F8E2CB9875}.Release|Any CPU.ActiveCfg = Release|Any CPU
		{065B2FF7-2D03-0F8B-D460-30F8E2CB9875}.Release|Any CPU.Build.0 = Release|Any CPU
		{BA2EAD5E-34BC-79BE-CBF1-8E88AE4B6C61}.Debug|Any CPU.ActiveCfg = Debug|Any CPU
		{BA2EAD5E-34BC-79BE-CBF1-8E88AE4B6C61}.Debug|Any CPU.Build.0 = Debug|Any CPU
		{BA2EAD5E-34BC-79BE-CBF1-8E88AE4B6C61}.Release|Any CPU.ActiveCfg = Release|Any CPU
		{BA2EAD5E-34BC-79BE-CBF1-8E88AE4B6C61}.Release|Any CPU.Build.0 = Release|Any CPU
		{AB6D096B-1808-06C2-DF2C-5549DDE7CDAE}.Debug|Any CPU.ActiveCfg = Debug|Any CPU
		{AB6D096B-1808-06C2-DF2C-5549DDE7CDAE}.Debug|Any CPU.Build.0 = Debug|Any CPU
		{AB6D096B-1808-06C2-DF2C-5549DDE7CDAE}.Release|Any CPU.ActiveCfg = Release|Any CPU
		{AB6D096B-1808-06C2-DF2C-5549DDE7CDAE}.Release|Any CPU.Build.0 = Release|Any CPU
		{52CF084E-EFB7-FDAD-53D5-3E22519E4E06}.Debug|Any CPU.ActiveCfg = Debug|Any CPU
		{52CF084E-EFB7-FDAD-53D5-3E22519E4E06}.Debug|Any CPU.Build.0 = Debug|Any CPU
		{52CF084E-EFB7-FDAD-53D5-3E22519E4E06}.Release|Any CPU.ActiveCfg = Release|Any CPU
		{52CF084E-EFB7-FDAD-53D5-3E22519E4E06}.Release|Any CPU.Build.0 = Release|Any CPU
	EndGlobalSection
	GlobalSection(SolutionProperties) = preSolution
		HideSolutionNode = FALSE
	EndGlobalSection
EndGlobal
